PODS:
  - Flutter (1.0.0)
  - flutter_onnxruntime (0.0.1):
    - Flutter
    - onnxruntime-objc (= 1.22.0)
  - image_picker_ios (0.0.1):
    - Flutter
  - onnxruntime-c (1.22.0)
  - onnxruntime-objc (1.22.0):
    - onnxruntime-objc/Core (= 1.22.0)
  - onnxruntime-objc/Core (1.22.0):
    - onnxruntime-c (= 1.22.0)
  - shared_preferences_foundation (0.0.1):
    - Flutter
    - FlutterMacOS
  - sqflite_darwin (0.0.4):
    - Flutter
    - FlutterMacOS

DEPENDENCIES:
  - Flutter (from `Flutter`)
  - flutter_onnxruntime (from `.symlinks/plugins/flutter_onnxruntime/ios`)
  - image_picker_ios (from `.symlinks/plugins/image_picker_ios/ios`)
  - shared_preferences_foundation (from `.symlinks/plugins/shared_preferences_foundation/darwin`)
  - sqflite_darwin (from `.symlinks/plugins/sqflite_darwin/darwin`)

SPEC REPOS:
  trunk:
    - onnxruntime-c
    - onnxruntime-objc

EXTERNAL SOURCES:
  Flutter:
    :path: Flutter
  flutter_onnxruntime:
    :path: ".symlinks/plugins/flutter_onnxruntime/ios"
  image_picker_ios:
    :path: ".symlinks/plugins/image_picker_ios/ios"
  shared_preferences_foundation:
    :path: ".symlinks/plugins/shared_preferences_foundation/darwin"
  sqflite_darwin:
    :path: ".symlinks/plugins/sqflite_darwin/darwin"

SPEC CHECKSUMS:
  Flutter: cabc95a1d2626b1b06e7179b784ebcf0c0cde467
  flutter_onnxruntime: 515c2ab17b67fb027964ebbf2d02329771a482de
  image_picker_ios: e0ece4aa2a75771a7de3fa735d26d90817041326
  onnxruntime-c: 7f778680e96145956c0a31945f260321eed2611a
  onnxruntime-objc: 83d28b87525bd971259a66e153ea32b5d023de19
  shared_preferences_foundation: 7036424c3d8ec98dfe75ff1667cb0cd531ec82bb
  sqflite_darwin: 20b2a3a3b70e43edae938624ce550a3cbf66a3d0

PODFILE CHECKSUM: c0915517eae1a513480956f02c7781054ca94770

COCOAPODS: 1.16.2
